
Microsoft Visual Studio Solution File, Format Version 12.00
# Visual Studio 2012
Project("{FAE04EC0-301F-11D3-BF4B-00C04F79EFBC}") = "ConquerTheNetworkApp.iOS", "iOS\ConquerTheNetworkApp.iOS.csproj", "{523E6434-4694-47A4-84FF-E65737C2811A}"
EndProject
Project("{FAE04EC0-301F-11D3-BF4B-00C04F79EFBC}") = "ConquerTheNetworkApp.Droid", "Droid\ConquerTheNetworkApp.Droid.csproj", "{2C1072CF-5BD1-4089-87E2-129BBCECC7DD}"
EndProject
Project("{FAE04EC0-301F-11D3-BF4B-00C04F79EFBC}") = "ConquerTheNetworkApp.Core", "ConquerTheNetworkApp.Core\ConquerTheNetworkApp.Core.csproj", "{9AD8AD29-31FD-49DA-9774-1B1ABE87C978}"
EndProject
Global
	GlobalSection(SolutionConfigurationPlatforms) = preSolution
		Debug|Any CPU = Debug|Any CPU
		Release|Any CPU = Release|Any CPU
		Debug|iPhoneSimulator = Debug|iPhoneSimulator
		Release|iPhone = Release|iPhone
		Release|iPhoneSimulator = Release|iPhoneSimulator
		Debug|iPhone = Debug|iPhone
	EndGlobalSection
	GlobalSection(ProjectConfigurationPlatforms) = postSolution
		{523E6434-4694-47A4-84FF-E65737C2811A}.Debug|Any CPU.ActiveCfg = Debug|iPhoneSimulator
		{523E6434-4694-47A4-84FF-E65737C2811A}.Debug|Any CPU.Build.0 = Debug|iPhoneSimulator
		{523E6434-4694-47A4-84FF-E65737C2811A}.Release|Any CPU.ActiveCfg = Release|iPhone
		{523E6434-4694-47A4-84FF-E65737C2811A}.Release|Any CPU.Build.0 = Release|iPhone
		{523E6434-4694-47A4-84FF-E65737C2811A}.Debug|iPhoneSimulator.ActiveCfg = Debug|iPhoneSimulator
		{523E6434-4694-47A4-84FF-E65737C2811A}.Debug|iPhoneSimulator.Build.0 = Debug|iPhoneSimulator
		{523E6434-4694-47A4-84FF-E65737C2811A}.Release|iPhone.ActiveCfg = Release|iPhone
		{523E6434-4694-47A4-84FF-E65737C2811A}.Release|iPhone.Build.0 = Release|iPhone
		{523E6434-4694-47A4-84FF-E65737C2811A}.Release|iPhoneSimulator.ActiveCfg = Release|iPhoneSimulator
		{523E6434-4694-47A4-84FF-E65737C2811A}.Release|iPhoneSimulator.Build.0 = Release|iPhoneSimulator
		{523E6434-4694-47A4-84FF-E65737C2811A}.Debug|iPhone.ActiveCfg = Debug|iPhone
		{523E6434-4694-47A4-84FF-E65737C2811A}.Debug|iPhone.Build.0 = Debug|iPhone
		{2C1072CF-5BD1-4089-87E2-129BBCECC7DD}.Debug|Any CPU.ActiveCfg = Debug|Any CPU
		{2C1072CF-5BD1-4089-87E2-129BBCECC7DD}.Debug|Any CPU.Build.0 = Debug|Any CPU
		{2C1072CF-5BD1-4089-87E2-129BBCECC7DD}.Release|Any CPU.ActiveCfg = Release|Any CPU
		{2C1072CF-5BD1-4089-87E2-129BBCECC7DD}.Release|Any CPU.Build.0 = Release|Any CPU
		{2C1072CF-5BD1-4089-87E2-129BBCECC7DD}.Debug|iPhoneSimulator.ActiveCfg = Debug|Any CPU
		{2C1072CF-5BD1-4089-87E2-129BBCECC7DD}.Debug|iPhoneSimulator.Build.0 = Debug|Any CPU
		{2C1072CF-5BD1-4089-87E2-129BBCECC7DD}.Release|iPhone.ActiveCfg = Release|Any CPU
		{2C1072CF-5BD1-4089-87E2-129BBCECC7DD}.Release|iPhone.Build.0 = Release|Any CPU
		{2C1072CF-5BD1-4089-87E2-129BBCECC7DD}.Release|iPhoneSimulator.ActiveCfg = Release|Any CPU
		{2C1072CF-5BD1-4089-87E2-129BBCECC7DD}.Release|iPhoneSimulator.Build.0 = Release|Any CPU
		{2C1072CF-5BD1-4089-87E2-129BBCECC7DD}.Debug|iPhone.ActiveCfg = Debug|Any CPU
		{2C1072CF-5BD1-4089-87E2-129BBCECC7DD}.Debug|iPhone.Build.0 = Debug|Any CPU
		{9AD8AD29-31FD-49DA-9774-1B1ABE87C978}.Debug|Any CPU.ActiveCfg = Debug|Any CPU
		{9AD8AD29-31FD-49DA-9774-1B1ABE87C978}.Debug|Any CPU.Build.0 = Debug|Any CPU
		{9AD8AD29-31FD-49DA-9774-1B1ABE87C978}.Release|Any CPU.ActiveCfg = Release|Any CPU
		{9AD8AD29-31FD-49DA-9774-1B1ABE87C978}.Release|Any CPU.Build.0 = Release|Any CPU
		{9AD8AD29-31FD-49DA-9774-1B1ABE87C978}.Debug|iPhoneSimulator.ActiveCfg = Debug|Any CPU
		{9AD8AD29-31FD-49DA-9774-1B1ABE87C978}.Debug|iPhoneSimulator.Build.0 = Debug|Any CPU
		{9AD8AD29-31FD-49DA-9774-1B1ABE87C978}.Release|iPhone.ActiveCfg = Release|Any CPU
		{9AD8AD29-31FD-49DA-9774-1B1ABE87C978}.Release|iPhone.Build.0 = Release|Any CPU
		{9AD8AD29-31FD-49DA-9774-1B1ABE87C978}.Release|iPhoneSimulator.ActiveCfg = Release|Any CPU
		{9AD8AD29-31FD-49DA-9774-1B1ABE87C978}.Release|iPhoneSimulator.Build.0 = Release|Any CPU
		{9AD8AD29-31FD-49DA-9774-1B1ABE87C978}.Debug|iPhone.ActiveCfg = Debug|Any CPU
		{9AD8AD29-31FD-49DA-9774-1B1ABE87C978}.Debug|iPhone.Build.0 = Debug|Any CPU
	EndGlobalSection
EndGlobal
